# This file is automatically @generated by Poetry.

[[package]]
name = "certifi"
version = "2023.7.22"
description = "Python package for providing Mozilla's CA Bundle."

[[package]]
name = "requests"
version = "2.31.0"
description = "Python HTTP for Humans."

[package.dependencies]
certifi = ">=2017.4.17"

[metadata]
lock-version = "2.0"
python-versions = "^3.11"
