# This file is generated by running "yarn install" inside your project.

__metadata:
  version: 6
  cacheKey: 8

"express@npm:4.17.1":
  version: 4.17.1
  resolution: "express@npm:4.17.1"
  dependencies:
    qs: "npm:6.7.0"
  languageName: node
  linkType: hard

"qs@npm:6.7.0":
  version: 6.7.0
  resolution: "qs@npm:6.7.0"
  languageName: node
  linkType: hard
